# THIS IS AN AUTOGENERATED FILE. DO NOT EDIT THIS FILE DIRECTLY.
# yarn lockfile v1


orderedmap@^2.0.0:
  version "2.1.0"
  resolved "https://registry.yarnpkg.com/orderedmap/-/orderedmap-2.1.0.tgz#819457082fa3a06abd316d83a281a1ca467437cd"
  integrity sha512-/pIFexOm6S70EPdznemIz3BQZoJ4VTFrhqzu0ACBqBgeLsLxq8e6Jim63ImIfwW/zAD1AlXpRMlOv3aghmo4dA==

prosemirror-model@^1.18.3:
  version "1.18.3"
  resolved "https://registry.yarnpkg.com/prosemirror-model/-/prosemirror-model-1.18.3.tgz#d1026a78cff928fd600e90d87cf7d162e0a4e3fd"
  integrity sha512-yUVejauEY3F1r7PDy4UJKEGeIU+KFc71JQl5sNvG66CLVdKXRjhWpBW6KMeduGsmGOsw85f6EGrs6QxIKOVILA==
  dependencies:
    orderedmap "^2.0.0"

react-native-html-parser@^0.1.0:
  version "0.1.0"
  resolved "https://registry.yarnpkg.com/react-native-html-parser/-/react-native-html-parser-0.1.0.tgz#c35de1dc325562da26e68befa423bac34505ba48"
  integrity sha512-G5d0pk7TA9YgjVJhLRf2zMOOf1HXd8ItM9JYsTS2pXoEfSRfMfRU5iTj03LGwvHU2NT9kc18NDJeLgZY6+Bbvg==
